
Microsoft Visual Studio Solution File, Format Version 12.00
# Visual Studio 15
Project("{FAE04EC0-301F-11D3-BF4B-00C04F79EFBC}") = "Assembly-CSharp", "Assembly-CSharp.csproj", "{7843308C-5FEB-2A4F-0891-BCDAB8053F2D}"
EndProject
Project("{FAE04EC0-301F-11D3-BF4B-00C04F79EFBC}") = "Assembly-CSharp-Editor", "Assembly-CSharp-Editor.csproj", "{50214373-F276-9437-89D6-746C050CD630}"
EndProject
Global
	GlobalSection(SolutionConfigurationPlatforms) = preSolution
		Debug|Any CPU = Debug|Any CPU
		Release|Any CPU = Release|Any CPU
	EndGlobalSection
	GlobalSection(ProjectConfigurationPlatforms) = postSolution
		{7843308C-5FEB-2A4F-0891-BCDAB8053F2D}.Debug|Any CPU.ActiveCfg = Debug|Any CPU
		{7843308C-5FEB-2A4F-0891-BCDAB8053F2D}.Debug|Any CPU.Build.0 = Debug|Any CPU
		{7843308C-5FEB-2A4F-0891-BCDAB8053F2D}.Release|Any CPU.ActiveCfg = Release|Any CPU
		{7843308C-5FEB-2A4F-0891-BCDAB8053F2D}.Release|Any CPU.Build.0 = Release|Any CPU
		{50214373-F276-9437-89D6-746C050CD630}.Debug|Any CPU.ActiveCfg = Debug|Any CPU
		{50214373-F276-9437-89D6-746C050CD630}.Debug|Any CPU.Build.0 = Debug|Any CPU
		{50214373-F276-9437-89D6-746C050CD630}.Release|Any CPU.ActiveCfg = Release|Any CPU
		{50214373-F276-9437-89D6-746C050CD630}.Release|Any CPU.Build.0 = Release|Any CPU
	EndGlobalSection
	GlobalSection(SolutionProperties) = preSolution
		HideSolutionNode = FALSE
	EndGlobalSection
EndGlobal
